
Microsoft Visual Studio Solution File, Format Version 12.00
# Visual Studio Version 17
VisualStudioVersion = 17.11.35222.181
MinimumVisualStudioVersion = 10.0.40219.1
Project("{F184B08F-C81C-45F6-A57F-5ABD9991F28F}") = "ConsoleApp2", "ConsoleApp2.vbproj", "{58E2D442-1467-437F-ABBC-855952EF824C}"
EndProject
Global
	GlobalSection(SolutionConfigurationPlatforms) = preSolution
		Debug|Any CPU = Debug|Any CPU
		Release|Any CPU = Release|Any CPU
	EndGlobalSection
	GlobalSection(ProjectConfigurationPlatforms) = postSolution
		{58E2D442-1467-437F-ABBC-855952EF824C}.Debug|Any CPU.ActiveCfg = Debug|Any CPU
		{58E2D442-1467-437F-ABBC-855952EF824C}.Debug|Any CPU.Build.0 = Debug|Any CPU
		{58E2D442-1467-437F-ABBC-855952EF824C}.Release|Any CPU.ActiveCfg = Release|Any CPU
		{58E2D442-1467-437F-ABBC-855952EF824C}.Release|Any CPU.Build.0 = Release|Any CPU
	EndGlobalSection
	GlobalSection(SolutionProperties) = preSolution
		HideSolutionNode = FALSE
	EndGlobalSection
	GlobalSection(ExtensibilityGlobals) = postSolution
		SolutionGuid = {27171C1F-6F11-48AA-9FA5-C48269B92E4E}
	EndGlobalSection
EndGlobal
